
Microsoft Visual Studio Solution File, Format Version 12.00
# Visual Studio Version 17
VisualStudioVersion = 17.8.34525.116
MinimumVisualStudioVersion = 10.0.40219.1
Project("{FAE04EC0-301F-11D3-BF4B-00C04F79EFBC}") = "istagram", "istagram\istagram.csproj", "{1C21B604-975A-4B02-95FA-EE9B218ABF4B}"
EndProject
Global
	GlobalSection(SolutionConfigurationPlatforms) = preSolution
		Debug|Any CPU = Debug|Any CPU
		Release|Any CPU = Release|Any CPU
	EndGlobalSection
	GlobalSection(ProjectConfigurationPlatforms) = postSolution
		{1C21B604-975A-4B02-95FA-EE9B218ABF4B}.Debug|Any CPU.ActiveCfg = Debug|Any CPU
		{1C21B604-975A-4B02-95FA-EE9B218ABF4B}.Debug|Any CPU.Build.0 = Debug|Any CPU
		{1C21B604-975A-4B02-95FA-EE9B218ABF4B}.Release|Any CPU.ActiveCfg = Release|Any CPU
		{1C21B604-975A-4B02-95FA-EE9B218ABF4B}.Release|Any CPU.Build.0 = Release|Any CPU
	EndGlobalSection
	GlobalSection(SolutionProperties) = preSolution
		HideSolutionNode = FALSE
	EndGlobalSection
	GlobalSection(ExtensibilityGlobals) = postSolution
		SolutionGuid = {0D23C6B9-E96A-4986-A65B-712F265F2186}
	EndGlobalSection
EndGlobal
